
Microsoft Visual Studio Solution File, Format Version 12.00
# Visual Studio Version 17
VisualStudioVersion = 17.11.35312.102
MinimumVisualStudioVersion = 10.0.40219.1
Project("{FAE04EC0-301F-11D3-BF4B-00C04F79EFBC}") = "qrMenu", "qrMenu.csproj", "{88ADA14E-209D-4CB2-BC0E-2E518C3D5982}"
EndProject
Global
	GlobalSection(SolutionConfigurationPlatforms) = preSolution
		Debug|Any CPU = Debug|Any CPU
		Release|Any CPU = Release|Any CPU
	EndGlobalSection
	GlobalSection(ProjectConfigurationPlatforms) = postSolution
		{88ADA14E-209D-4CB2-BC0E-2E518C3D5982}.Debug|Any CPU.ActiveCfg = Debug|Any CPU
		{88ADA14E-209D-4CB2-BC0E-2E518C3D5982}.Debug|Any CPU.Build.0 = Debug|Any CPU
		{88ADA14E-209D-4CB2-BC0E-2E518C3D5982}.Release|Any CPU.ActiveCfg = Release|Any CPU
		{88ADA14E-209D-4CB2-BC0E-2E518C3D5982}.Release|Any CPU.Build.0 = Release|Any CPU
	EndGlobalSection
	GlobalSection(SolutionProperties) = preSolution
		HideSolutionNode = FALSE
	EndGlobalSection
	GlobalSection(ExtensibilityGlobals) = postSolution
		SolutionGuid = {40401006-6108-4C52-AF29-1A91080810F8}
	EndGlobalSection
EndGlobal
